# THIS IS AN AUTOGENERATED FILE. DO NOT EDIT THIS FILE DIRECTLY.
# yarn lockfile v1


"@discordjs/builders@^0.5.0":
  "integrity" "sha512-HP5y4Rqw68o61Qv4qM5tVmDbWi4mdTFftqIOGRo33SNPpLJ1Ga3KEIR2ibKofkmsoQhEpLmopD1AZDs3cKpHuw=="
  "resolved" "https://registry.npmjs.org/@discordjs/builders/-/builders-0.5.0.tgz"
  "version" "0.5.0"
  dependencies:
    "@sindresorhus/is" "^4.0.1"
    "discord-api-types" "^0.22.0"
    "ow" "^0.27.0"
    "ts-mixer" "^6.0.0"
    "tslib" "^2.3.0"

"@discordjs/collection@^0.2.1":
  "integrity" "sha512-vhxqzzM8gkomw0TYRF3tgx7SwElzUlXT/Aa41O7mOcyN6wIJfj5JmDWaO5XGKsGSsNx7F3i5oIlrucCCWV1Nog=="
  "resolved" "https://registry.npmjs.org/@discordjs/collection/-/collection-0.2.1.tgz"
  "version" "0.2.1"

"@discordjs/form-data@^3.0.1":
  "integrity" "sha512-ZfFsbgEXW71Rw/6EtBdrP5VxBJy4dthyC0tpQKGKmYFImlmmrykO14Za+BiIVduwjte0jXEBlhSKf0MWbFp9Eg=="
  "resolved" "https://registry.npmjs.org/@discordjs/form-data/-/form-data-3.0.1.tgz"
  "version" "3.0.1"
  dependencies:
    "asynckit" "^0.4.0"
    "combined-stream" "^1.0.8"
    "mime-types" "^2.1.12"

"@sapphire/async-queue@^1.1.4":
  "integrity" "sha512-fFrlF/uWpGOX5djw5Mu2Hnnrunao75WGey0sP0J3jnhmrJ5TAPzHYOmytD5iN/+pMxS+f+u/gezqHa9tPhRHEA=="
  "resolved" "https://registry.npmjs.org/@sapphire/async-queue/-/async-queue-1.1.4.tgz"
  "version" "1.1.4"

"@sindresorhus/is@^4.0.0", "@sindresorhus/is@^4.0.1":
  "integrity" "sha512-Qm9hBEBu18wt1PO2flE7LPb30BHMQt1eQgbV76YntdNk73XZGpn3izvGTYxbGgzXKgbCjiia0uxTd3aTNQrY/g=="
  "resolved" "https://registry.npmjs.org/@sindresorhus/is/-/is-4.0.1.tgz"
  "version" "4.0.1"

"@szmarczak/http-timer@^4.0.5":
  "integrity" "sha512-4BAffykYOgO+5nzBWYwE3W90sBgLJoUPRWWcL8wlyiM8IB8ipJz3UMJ9KXQd1RKQXpKp8Tutn80HZtWsu2u76w=="
  "resolved" "https://registry.npmjs.org/@szmarczak/http-timer/-/http-timer-4.0.6.tgz"
  "version" "4.0.6"
  dependencies:
    "defer-to-connect" "^2.0.0"

"@types/cacheable-request@^6.0.1":
  "integrity" "sha512-B3xVo+dlKM6nnKTcmm5ZtY/OL8bOAOd2Olee9M1zft65ox50OzjEHW91sDiU9j6cvW8Ejg1/Qkf4xd2kugApUA=="
  "resolved" "https://registry.npmjs.org/@types/cacheable-request/-/cacheable-request-6.0.2.tgz"
  "version" "6.0.2"
  dependencies:
    "@types/http-cache-semantics" "*"
    "@types/keyv" "*"
    "@types/node" "*"
    "@types/responselike" "*"

"@types/http-cache-semantics@*":
  "integrity" "sha512-SZs7ekbP8CN0txVG2xVRH6EgKmEm31BOxA07vkFaETzZz1xh+cbt8BcI0slpymvwhx5dlFnQG2rTlPVQn+iRPQ=="
  "resolved" "https://registry.npmjs.org/@types/http-cache-semantics/-/http-cache-semantics-4.0.1.tgz"
  "version" "4.0.1"

"@types/keyv@*":
  "integrity" "sha512-FXCJgyyN3ivVgRoml4h94G/p3kY+u/B86La+QptcqJaWtBWtmc6TtkNfS40n9bIvyLteHh7zXOtgbobORKPbDg=="
  "resolved" "https://registry.npmjs.org/@types/keyv/-/keyv-3.1.3.tgz"
  "version" "3.1.3"
  dependencies:
    "@types/node" "*"

"@types/node@*":
  "integrity" "sha512-Sr7BhXEAer9xyGuCN3Ek9eg9xPviCF2gfu9kTfuU2HkTVAMYSDeX40fvpmo72n5nansg3nsBjuQBrsS28r+NUw=="
  "resolved" "https://registry.npmjs.org/@types/node/-/node-16.6.1.tgz"
  "version" "16.6.1"

"@types/responselike@*", "@types/responselike@^1.0.0":
  "integrity" "sha512-85Y2BjiufFzaMIlvJDvTTB8Fxl2xfLo4HgmHzVBz08w4wDePCTjYw66PdrolO0kzli3yam/YCgRufyo1DdQVTA=="
  "resolved" "https://registry.npmjs.org/@types/responselike/-/responselike-1.0.0.tgz"
  "version" "1.0.0"
  dependencies:
    "@types/node" "*"

"@types/ws@^7.4.7":
  "integrity" "sha512-JQbbmxZTZehdc2iszGKs5oC3NFnjeay7mtAWrdt7qNtAVK0g19muApzAy4bm9byz79xa2ZnO/BOBC2R8RC5Lww=="
  "resolved" "https://registry.npmjs.org/@types/ws/-/ws-7.4.7.tgz"
  "version" "7.4.7"
  dependencies:
    "@types/node" "*"

"asynckit@^0.4.0":
  "integrity" "sha1-x57Zf380y48robyXkLzDZkdLS3k="
  "resolved" "https://registry.npmjs.org/asynckit/-/asynckit-0.4.0.tgz"
  "version" "0.4.0"

"cacheable-lookup@^5.0.3":
  "integrity" "sha512-2/kNscPhpcxrOigMZzbiWF7dz8ilhb/nIHU3EyZiXWXpeq/au8qJ8VhdftMkty3n7Gj6HIGalQG8oiBNB3AJgA=="
  "resolved" "https://registry.npmjs.org/cacheable-lookup/-/cacheable-lookup-5.0.4.tgz"
  "version" "5.0.4"

"cacheable-request@^7.0.1":
  "integrity" "sha512-pouW8/FmiPQbuGpkXQ9BAPv/Mo5xDGANgSNXzTzJ8DrKGuXOssM4wIQRjfanNRh3Yu5cfYPvcorqbhg2KIJtew=="
  "resolved" "https://registry.npmjs.org/cacheable-request/-/cacheable-request-7.0.2.tgz"
  "version" "7.0.2"
  dependencies:
    "clone-response" "^1.0.2"
    "get-stream" "^5.1.0"
    "http-cache-semantics" "^4.0.0"
    "keyv" "^4.0.0"
    "lowercase-keys" "^2.0.0"
    "normalize-url" "^6.0.1"
    "responselike" "^2.0.0"

"callsites@^3.1.0":
  "integrity" "sha512-P8BjAsXvZS+VIDUI11hHCQEv74YT67YUi5JJFNWIqL235sBmjX4+qx9Muvls5ivyNENctx46xQLQ3aTuE7ssaQ=="
  "resolved" "https://registry.npmjs.org/callsites/-/callsites-3.1.0.tgz"
  "version" "3.1.0"

"clone-response@^1.0.2":
  "integrity" "sha1-0dyXOSAxTfZ/vrlCI7TuNQI56Ws="
  "resolved" "https://registry.npmjs.org/clone-response/-/clone-response-1.0.2.tgz"
  "version" "1.0.2"
  dependencies:
    "mimic-response" "^1.0.0"

"combined-stream@^1.0.8":
  "integrity" "sha512-FQN4MRfuJeHf7cBbBMJFXhKSDq+2kAArBlmRBvcvFE5BB1HZKXtSFASDhdlz9zOYwxh8lDdnvmMOe/+5cdoEdg=="
  "resolved" "https://registry.npmjs.org/combined-stream/-/combined-stream-1.0.8.tgz"
  "version" "1.0.8"
  dependencies:
    "delayed-stream" "~1.0.0"

"configstore@^6.0.0":
  "integrity" "sha512-cD31W1v3GqUlQvbBCGcXmd2Nj9SvLDOP1oQ0YFuLETufzSPaKp11rYBsSOm7rCsW3OnIRAFM3OxRhceaXNYHkA=="
  "resolved" "https://registry.npmjs.org/configstore/-/configstore-6.0.0.tgz"
  "version" "6.0.0"
  dependencies:
    "dot-prop" "^6.0.1"
    "graceful-fs" "^4.2.6"
    "unique-string" "^3.0.0"
    "write-file-atomic" "^3.0.3"
    "xdg-basedir" "^5.0.1"

"crypto-random-string@^4.0.0":
  "integrity" "sha512-x8dy3RnvYdlUcPOjkEHqozhiwzKNSq7GcPuXFbnyMOCHxX8V3OgIg/pYuabl2sbUPfIJaeAQB7PMOK8DFIdoRA=="
  "resolved" "https://registry.npmjs.org/crypto-random-string/-/crypto-random-string-4.0.0.tgz"
  "version" "4.0.0"
  dependencies:
    "type-fest" "^1.0.1"

"decompress-response@^6.0.0":
  "integrity" "sha512-aW35yZM6Bb/4oJlZncMH2LCoZtJXTRxES17vE3hoRiowU2kWHaJKFkSBDnDR+cm9J+9QhXmREyIfv0pji9ejCQ=="
  "resolved" "https://registry.npmjs.org/decompress-response/-/decompress-response-6.0.0.tgz"
  "version" "6.0.0"
  dependencies:
    "mimic-response" "^3.1.0"

"defer-to-connect@^2.0.0":
  "integrity" "sha512-4tvttepXG1VaYGrRibk5EwJd1t4udunSOVMdLSAL6mId1ix438oPwPZMALY41FCijukO1L0twNcGsdzS7dHgDg=="
  "resolved" "https://registry.npmjs.org/defer-to-connect/-/defer-to-connect-2.0.1.tgz"
  "version" "2.0.1"

"delayed-stream@~1.0.0":
  "integrity" "sha1-3zrhmayt+31ECqrgsp4icrJOxhk="
  "resolved" "https://registry.npmjs.org/delayed-stream/-/delayed-stream-1.0.0.tgz"
  "version" "1.0.0"

"detect-indent@~6.0.0":
  "integrity" "sha512-oSyFlqaTHCItVRGK5RmrmjB+CmaMOW7IaNA/kdxqhoa6d17j/5ce9O9eWXmV/KEdRwqpQA+Vqe8a8Bsybu4YnA=="
  "resolved" "https://registry.npmjs.org/detect-indent/-/detect-indent-6.0.0.tgz"
  "version" "6.0.0"

"discord-api-types@^0.22.0":
  "integrity" "sha512-l8yD/2zRbZItUQpy7ZxBJwaLX/Bs2TGaCthRppk8Sw24LOIWg12t9JEreezPoYD0SQcC2htNNo27kYEpYW/Srg=="
  "resolved" "https://registry.npmjs.org/discord-api-types/-/discord-api-types-0.22.0.tgz"
  "version" "0.22.0"

"discord.js@^13.1.0":
  "integrity" "sha512-gxO4CXKdHpqA+WKG+f5RNnd3srTDj5uFJHgOathksDE90YNq/Qijkd2WlMgTTMS6AJoEnHxI7G9eDQHCuZ+xDA=="
  "resolved" "https://registry.npmjs.org/discord.js/-/discord.js-13.1.0.tgz"
  "version" "13.1.0"
  dependencies:
    "@discordjs/builders" "^0.5.0"
    "@discordjs/collection" "^0.2.1"
    "@discordjs/form-data" "^3.0.1"
    "@sapphire/async-queue" "^1.1.4"
    "@types/ws" "^7.4.7"
    "discord-api-types" "^0.22.0"
    "node-fetch" "^2.6.1"
    "ws" "^7.5.1"

"docopt@~0.6.2":
  "integrity" "sha1-so6eIiDaXsSffqW7JKR3h0Be6xE="
  "resolved" "https://registry.npmjs.org/docopt/-/docopt-0.6.2.tgz"
  "version" "0.6.2"

"dot-json@^1.2.2":
  "integrity" "sha512-AKL+GsO4wSEU4LU+fAk/PqN4nQ6PB1vT3HpMiZous9xCzK5S0kh4DzfUY0EfU67jsIXLlu0ty71659N9Nmg+Tw=="
  "resolved" "https://registry.npmjs.org/dot-json/-/dot-json-1.2.2.tgz"
  "version" "1.2.2"
  dependencies:
    "detect-indent" "~6.0.0"
    "docopt" "~0.6.2"
    "underscore-keypath" "~0.0.22"

"dot-prop@^6.0.1":
  "integrity" "sha512-tE7ztYzXHIeyvc7N+hR3oi7FIbf/NIjVP9hmAt3yMXzrQ072/fpjGLx2GxNxGxUl5V73MEqYzioOMoVhGMJ5cA=="
  "resolved" "https://registry.npmjs.org/dot-prop/-/dot-prop-6.0.1.tgz"
  "version" "6.0.1"
  dependencies:
    "is-obj" "^2.0.0"

"end-of-stream@^1.1.0":
  "integrity" "sha512-+uw1inIHVPQoaVuHzRyXd21icM+cnt4CzD5rW+NC1wjOUSTOs+Te7FOv7AhN7vS9x/oIyhLP5PR1H+phQAHu5Q=="
  "resolved" "https://registry.npmjs.org/end-of-stream/-/end-of-stream-1.4.4.tgz"
  "version" "1.4.4"
  dependencies:
    "once" "^1.4.0"

"get-stream@^5.1.0":
  "integrity" "sha512-nBF+F1rAZVCu/p7rjzgA+Yb4lfYXrpl7a6VmJrU8wF9I1CKvP/QwPNZHnOlwbTkY6dvtFIzFMSyQXbLoTQPRpA=="
  "resolved" "https://registry.npmjs.org/get-stream/-/get-stream-5.2.0.tgz"
  "version" "5.2.0"
  dependencies:
    "pump" "^3.0.0"

"got@^11.8.2":
  "integrity" "sha512-D0QywKgIe30ODs+fm8wMZiAcZjypcCodPNuMz5H9Mny7RJ+IjJ10BdmGW7OM7fHXP+O7r6ZwapQ/YQmMSvB0UQ=="
  "resolved" "https://registry.npmjs.org/got/-/got-11.8.2.tgz"
  "version" "11.8.2"
  dependencies:
    "@sindresorhus/is" "^4.0.0"
    "@szmarczak/http-timer" "^4.0.5"
    "@types/cacheable-request" "^6.0.1"
    "@types/responselike" "^1.0.0"
    "cacheable-lookup" "^5.0.3"
    "cacheable-request" "^7.0.1"
    "decompress-response" "^6.0.0"
    "http2-wrapper" "^1.0.0-beta.5.2"
    "lowercase-keys" "^2.0.0"
    "p-cancelable" "^2.0.0"
    "responselike" "^2.0.0"

"graceful-fs@^4.2.6":
  "integrity" "sha512-qkIilPUYcNhJpd33n0GBXTB1MMPp14TxEsEs0pTrsSVucApsYzW5V+Q8Qxhik6KU3evy+qkAAowTByymK0avdg=="
  "resolved" "https://registry.npmjs.org/graceful-fs/-/graceful-fs-4.2.8.tgz"
  "version" "4.2.8"

"http-cache-semantics@^4.0.0":
  "integrity" "sha512-carPklcUh7ROWRK7Cv27RPtdhYhUsela/ue5/jKzjegVvXDqM2ILE9Q2BGn9JZJh1g87cp56su/FgQSzcWS8cQ=="
  "resolved" "https://registry.npmjs.org/http-cache-semantics/-/http-cache-semantics-4.1.0.tgz"
  "version" "4.1.0"

"http2-wrapper@^1.0.0-beta.5.2":
  "integrity" "sha512-V+23sDMr12Wnz7iTcDeJr3O6AIxlnvT/bmaAAAP/Xda35C90p9599p0F1eHR/N1KILWSoWVAiOMFjBBXaXSMxg=="
  "resolved" "https://registry.npmjs.org/http2-wrapper/-/http2-wrapper-1.0.3.tgz"
  "version" "1.0.3"
  dependencies:
    "quick-lru" "^5.1.1"
    "resolve-alpn" "^1.0.0"

"imurmurhash@^0.1.4":
  "integrity" "sha1-khi5srkoojixPcT7a21XbyMUU+o="
  "resolved" "https://registry.npmjs.org/imurmurhash/-/imurmurhash-0.1.4.tgz"
  "version" "0.1.4"

"is-keyword-js@^1.0.3":
  "integrity" "sha1-rDDc81tnH0snsX9ctXI1EmAhEy0="
  "resolved" "https://registry.npmjs.org/is-keyword-js/-/is-keyword-js-1.0.3.tgz"
  "version" "1.0.3"

"is-obj@^2.0.0":
  "integrity" "sha512-drqDG3cbczxxEJRoOXcOjtdp1J/lyp1mNn0xaznRs8+muBhgQcrnbspox5X5fOw0HnMnbfDzvnEMEtqDEJEo8w=="
  "resolved" "https://registry.npmjs.org/is-obj/-/is-obj-2.0.0.tgz"
  "version" "2.0.0"

"is-typedarray@^1.0.0":
  "integrity" "sha1-5HnICFjfDBsR3dppQPlgEfzaSpo="
  "resolved" "https://registry.npmjs.org/is-typedarray/-/is-typedarray-1.0.0.tgz"
  "version" "1.0.0"

"is-url@^1.2.4":
  "integrity" "sha512-ITvGim8FhRiYe4IQ5uHSkj7pVaPDrCTkNd3yq3cV7iZAcJdHTUMPMEHcqSOy9xZ9qFenQCvi+2wjH9a1nXqHww=="
  "resolved" "https://registry.npmjs.org/is-url/-/is-url-1.2.4.tgz"
  "version" "1.2.4"

"json-buffer@3.0.1":
  "integrity" "sha512-4bV5BfR2mqfQTJm+V5tPPdf+ZpuhiIvTuAB5g8kcrXOZpTT/QwwVRWBywX1ozr6lEuPdbHxwaJlm9G6mI2sfSQ=="
  "resolved" "https://registry.npmjs.org/json-buffer/-/json-buffer-3.0.1.tgz"
  "version" "3.0.1"

"keyv@^4.0.0":
  "integrity" "sha512-zdGa2TOpSZPq5mU6iowDARnMBZgtCqJ11dJROFi6tg6kTn4nuUdU09lFyLFSaHrWqpIJ+EBq4E8/Dc0Vx5vLdA=="
  "resolved" "https://registry.npmjs.org/keyv/-/keyv-4.0.3.tgz"
  "version" "4.0.3"
  dependencies:
    "json-buffer" "3.0.1"

"lodash.clonedeep@^4.5.0":
  "integrity" "sha1-4j8/nE+Pvd6HJSnBBxhXoIblzO8="
  "resolved" "https://registry.npmjs.org/lodash.clonedeep/-/lodash.clonedeep-4.5.0.tgz"
  "version" "4.5.0"

"lodash.isequal@^4.5.0":
  "integrity" "sha1-QVxEePK8wwEgwizhDtMib30+GOA="
  "resolved" "https://registry.npmjs.org/lodash.isequal/-/lodash.isequal-4.5.0.tgz"
  "version" "4.5.0"

"lodash@^4.17.21":
  "integrity" "sha512-v2kDEe57lecTulaDIuNTPy3Ry4gLGJ6Z1O3vE1krgXZNrsQ+LFTGHVxVjcXPs17LhbZVGedAJv8XZ1tvj5FvSg=="
  "resolved" "https://registry.npmjs.org/lodash/-/lodash-4.17.21.tgz"
  "version" "4.17.21"

"lowercase-keys@^2.0.0":
  "integrity" "sha512-tqNXrS78oMOE73NMxK4EMLQsQowWf8jKooH9g7xPavRT706R6bkQJ6DY2Te7QukaZsulxa30wQ7bk0pm4XiHmA=="
  "resolved" "https://registry.npmjs.org/lowercase-keys/-/lowercase-keys-2.0.0.tgz"
  "version" "2.0.0"

"mime-db@1.44.0":
  "integrity" "sha512-/NOTfLrsPBVeH7YtFPgsVWveuL+4SjjYxaQ1xtM1KMFj7HdxlBlxeyNLzhyJVx7r4rZGJAZ/6lkKCitSc/Nmpg=="
  "resolved" "https://registry.npmjs.org/mime-db/-/mime-db-1.44.0.tgz"
  "version" "1.44.0"

"mime-types@^2.1.12":
  "integrity" "sha512-JIhqnCasI9yD+SsmkquHBxTSEuZdQX5BuQnS2Vc7puQQQ+8yiP5AY5uWhpdv4YL4VM5c6iliiYWPgJ/nJQLp7w=="
  "resolved" "https://registry.npmjs.org/mime-types/-/mime-types-2.1.27.tgz"
  "version" "2.1.27"
  dependencies:
    "mime-db" "1.44.0"

"mimic-response@^1.0.0":
  "integrity" "sha512-j5EctnkH7amfV/q5Hgmoal1g2QHFJRraOtmx0JpIqkxhBhI/lJSl1nMpQ45hVarwNETOoWEimndZ4QK0RHxuxQ=="
  "resolved" "https://registry.npmjs.org/mimic-response/-/mimic-response-1.0.1.tgz"
  "version" "1.0.1"

"mimic-response@^3.1.0":
  "integrity" "sha512-z0yWI+4FDrrweS8Zmt4Ej5HdJmky15+L2e6Wgn3+iK5fWzb6T3fhNFq2+MeTRb064c6Wr4N/wv0DzQTjNzHNGQ=="
  "resolved" "https://registry.npmjs.org/mimic-response/-/mimic-response-3.1.0.tgz"
  "version" "3.1.0"

"node-fetch@^2.6.1":
  "integrity" "sha512-V4aYg89jEoVRxRb2fJdAg8FHvI7cEyYdVAh94HH0UIK8oJxUfkjlDQN9RbMx+bEjP7+ggMiFRprSti032Oipxw=="
  "resolved" "https://registry.npmjs.org/node-fetch/-/node-fetch-2.6.1.tgz"
  "version" "2.6.1"

"normalize-url@^6.0.1":
  "integrity" "sha512-DlL+XwOy3NxAQ8xuC0okPgK46iuVNAK01YN7RueYBqqFeGsBjV9XmCAzAdgt+667bCl5kPh9EqKKDwnaPG1I7A=="
  "resolved" "https://registry.npmjs.org/normalize-url/-/normalize-url-6.1.0.tgz"
  "version" "6.1.0"

"num-or-not@^1.0.1":
  "integrity" "sha1-4EM9fUab01R97ybYWVwSucr5Cko="
  "resolved" "https://registry.npmjs.org/num-or-not/-/num-or-not-1.0.1.tgz"
  "version" "1.0.1"
  dependencies:
    "trim" "0.0.1"

"once@^1.3.1", "once@^1.4.0":
  "integrity" "sha1-WDsap3WWHUsROsF9nFC6753Xa9E="
  "resolved" "https://registry.npmjs.org/once/-/once-1.4.0.tgz"
  "version" "1.4.0"
  dependencies:
    "wrappy" "1"

"ow@^0.27.0":
  "integrity" "sha512-SGnrGUbhn4VaUGdU0EJLMwZWSupPmF46hnTRII7aCLCrqixTAC5eKo8kI4/XXf1eaaI8YEVT+3FeGNJI9himAQ=="
  "resolved" "https://registry.npmjs.org/ow/-/ow-0.27.0.tgz"
  "version" "0.27.0"
  dependencies:
    "@sindresorhus/is" "^4.0.1"
    "callsites" "^3.1.0"
    "dot-prop" "^6.0.1"
    "lodash.isequal" "^4.5.0"
    "type-fest" "^1.2.1"
    "vali-date" "^1.0.0"

"p-cancelable@^2.0.0":
  "integrity" "sha512-BZOr3nRQHOntUjTrH8+Lh54smKHoHyur8We1V8DSMVrl5A2malOOwuJRnKRDjSnkoeBh4at6BwEnb5I7Jl31wg=="
  "resolved" "https://registry.npmjs.org/p-cancelable/-/p-cancelable-2.1.1.tgz"
  "version" "2.1.1"

"pump@^3.0.0":
  "integrity" "sha512-LwZy+p3SFs1Pytd/jYct4wpv49HiYCqd9Rlc5ZVdk0V+8Yzv6jR5Blk3TRmPL1ft69TxP0IMZGJ+WPFU2BFhww=="
  "resolved" "https://registry.npmjs.org/pump/-/pump-3.0.0.tgz"
  "version" "3.0.0"
  dependencies:
    "end-of-stream" "^1.1.0"
    "once" "^1.3.1"

"quick-lru@^5.1.1":
  "integrity" "sha512-WuyALRjWPDGtt/wzJiadO5AXY+8hZ80hVpe6MyivgraREW751X3SbhRvG3eLKOYN+8VEvqLcf3wdnt44Z4S4SA=="
  "resolved" "https://registry.npmjs.org/quick-lru/-/quick-lru-5.1.1.tgz"
  "version" "5.1.1"

"resolve-alpn@^1.0.0":
  "integrity" "sha512-0a1F4l73/ZFZOakJnQ3FvkJ2+gSTQWz/r2KE5OdDY0TxPm5h4GkqkWWfM47T7HsbnOtcJVEF4epCVy6u7Q3K+g=="
  "resolved" "https://registry.npmjs.org/resolve-alpn/-/resolve-alpn-1.2.1.tgz"
  "version" "1.2.1"

"responselike@^2.0.0":
  "integrity" "sha512-xH48u3FTB9VsZw7R+vvgaKeLKzT6jOogbQhEe/jewwnZgzPcnyWui2Av6JpoYZF/91uueC+lqhWqeURw5/qhCw=="
  "resolved" "https://registry.npmjs.org/responselike/-/responselike-2.0.0.tgz"
  "version" "2.0.0"
  dependencies:
    "lowercase-keys" "^2.0.0"

"safe-eval@^0.4.1":
  "integrity" "sha512-wmiu4RSYVZ690RP1+cv/LxfPK1dIlEN35aW7iv4SMYdqDrHbkll4+NJcHmKm7PbCuI1df1otOcPwgcc2iFR85g=="
  "resolved" "https://registry.npmjs.org/safe-eval/-/safe-eval-0.4.1.tgz"
  "version" "0.4.1"

"signal-exit@^3.0.2":
  "integrity" "sha512-KWcOiKeQj6ZyXx7zq4YxSMgHRlod4czeBQZrPb8OKcohcqAXShm7E20kEMle9WBt26hFcAf0qLOcp5zmY7kOqQ=="
  "resolved" "https://registry.npmjs.org/signal-exit/-/signal-exit-3.0.5.tgz"
  "version" "3.0.5"

"translate-google@^1.5.0":
  "integrity" "sha512-wI/oX3U3t78PthVkvO7BdvKRcjb03JaUs53oAhs0NVmzFJUEm5ROiYWH7gomRHFZ5bL7LKxrFRx8Qy/l1eB46g=="
  "resolved" "https://registry.npmjs.org/translate-google/-/translate-google-1.5.0.tgz"
  "version" "1.5.0"
  dependencies:
    "configstore" "^6.0.0"
    "got" "^11.8.2"
    "is-keyword-js" "^1.0.3"
    "is-url" "^1.2.4"
    "lodash" "^4.17.21"
    "num-or-not" "^1.0.1"
    "safe-eval" "^0.4.1"
    "user-agents" "^1.0.779"

"trim@0.0.1":
  "integrity" "sha1-WFhUf2spB1fulczMZm+1AITEYN0="
  "resolved" "https://registry.npmjs.org/trim/-/trim-0.0.1.tgz"
  "version" "0.0.1"

"ts-mixer@^6.0.0":
  "integrity" "sha512-nXIb1fvdY5CBSrDIblLn73NW0qRDk5yJ0Sk1qPBF560OdJfQp9jhl+0tzcY09OZ9U+6GpeoI9RjwoIKFIoB9MQ=="
  "resolved" "https://registry.npmjs.org/ts-mixer/-/ts-mixer-6.0.0.tgz"
  "version" "6.0.0"

"tslib@^2.3.0":
  "integrity" "sha512-77EbyPPpMz+FRFRuAFlWMtmgUWGe9UOG2Z25NqCwiIjRhOf5iKGuzSe5P2w1laq+FkRy4p+PCuVkJSGkzTEKVw=="
  "resolved" "https://registry.npmjs.org/tslib/-/tslib-2.3.1.tgz"
  "version" "2.3.1"

"type-fest@^1.0.1", "type-fest@^1.2.1":
  "integrity" "sha512-yGSza74xk0UG8k+pLh5oeoYirvIiWo5t0/o3zHHAO2tRDiZcxWP7fywNlXhqb6/r6sWvwi+RsyQMWhVLe4BVuA=="
  "resolved" "https://registry.npmjs.org/type-fest/-/type-fest-1.4.0.tgz"
  "version" "1.4.0"

"typedarray-to-buffer@^3.1.5":
  "integrity" "sha512-zdu8XMNEDepKKR+XYOXAVPtWui0ly0NtohUscw+UmaHiAWT8hrV1rr//H6V+0DvJ3OQ19S979M0laLfX8rm82Q=="
  "resolved" "https://registry.npmjs.org/typedarray-to-buffer/-/typedarray-to-buffer-3.1.5.tgz"
  "version" "3.1.5"
  dependencies:
    "is-typedarray" "^1.0.0"

"underscore-keypath@~0.0.22":
  "integrity" "sha1-SKUoOSu278QkvhyqVtpLX6zPJk0="
  "resolved" "https://registry.npmjs.org/underscore-keypath/-/underscore-keypath-0.0.22.tgz"
  "version" "0.0.22"
  dependencies:
    "underscore" "*"

"underscore@*":
  "integrity" "sha512-hzSoAVtJF+3ZtiFX0VgfFPHEDRm7Y/QPjGyNo4TVdnDTdft3tr8hEkD25a1jC+TjTuE7tkHGKkhwCgs9dgBB2g=="
  "resolved" "https://registry.npmjs.org/underscore/-/underscore-1.13.1.tgz"
  "version" "1.13.1"

"unique-string@^3.0.0":
  "integrity" "sha512-VGXBUVwxKMBUznyffQweQABPRRW1vHZAbadFZud4pLFAqRGvv/96vafgjWFqzourzr8YonlQiPgH0YCJfawoGQ=="
  "resolved" "https://registry.npmjs.org/unique-string/-/unique-string-3.0.0.tgz"
  "version" "3.0.0"
  dependencies:
    "crypto-random-string" "^4.0.0"

"user-agents@^1.0.779":
  "integrity" "sha512-/1TEM3S5MoWc2JEMy1zML2FUj8jg+7ZHirBE2CuPSOZI+EUa9fJyQC5X7MUOUCn5cOzTN9U1XPt31v5eaSDYwQ=="
  "resolved" "https://registry.npmjs.org/user-agents/-/user-agents-1.0.804.tgz"
  "version" "1.0.804"
  dependencies:
    "dot-json" "^1.2.2"
    "lodash.clonedeep" "^4.5.0"

"vali-date@^1.0.0":
  "integrity" "sha1-G5BKWWCfsyjvB4E4Qgk09rhnCaY="
  "resolved" "https://registry.npmjs.org/vali-date/-/vali-date-1.0.0.tgz"
  "version" "1.0.0"

"wrappy@1":
  "integrity" "sha1-tSQ9jz7BqjXxNkYFvA0QNuMKtp8="
  "resolved" "https://registry.npmjs.org/wrappy/-/wrappy-1.0.2.tgz"
  "version" "1.0.2"

"write-file-atomic@^3.0.3":
  "integrity" "sha512-AvHcyZ5JnSfq3ioSyjrBkH9yW4m7Ayk8/9My/DD9onKeu/94fwrMocemO2QAJFAlnnDN+ZDS+ZjAR5ua1/PV/Q=="
  "resolved" "https://registry.npmjs.org/write-file-atomic/-/write-file-atomic-3.0.3.tgz"
  "version" "3.0.3"
  dependencies:
    "imurmurhash" "^0.1.4"
    "is-typedarray" "^1.0.0"
    "signal-exit" "^3.0.2"
    "typedarray-to-buffer" "^3.1.5"

"ws@^7.5.1":
  "integrity" "sha512-kQ/dHIzuLrS6Je9+uv81ueZomEwH0qVYstcAQ4/Z93K8zeko9gtAbttJWzoC5ukqXY1PpoouV3+VSOqEAFt5wg=="
  "resolved" "https://registry.npmjs.org/ws/-/ws-7.5.3.tgz"
  "version" "7.5.3"

"xdg-basedir@^5.0.1":
  "integrity" "sha512-GCPAHLvrIH13+c0SuacwvRYj2SxJXQ4kaVTT5xgL3kPrz56XxkF21IGhjSE1+W0aw7gpBWRGXLCPnPby6lSpmQ=="
  "resolved" "https://registry.npmjs.org/xdg-basedir/-/xdg-basedir-5.1.0.tgz"
  "version" "5.1.0"
